
Microsoft Visual Studio Solution File, Format Version 12.00
# Visual Studio Version 17
VisualStudioVersion = 17.3.32825.248
MinimumVisualStudioVersion = 10.0.40219.1
Project("{FAE04EC0-301F-11D3-BF4B-00C04F79EFBC}") = "AutoSeatDistribute1.0.2", "AutoSeatDistribute\AutoSeatDistribute1.0.2.csproj", "{FF9FBAA2-3000-481D-A162-F377C77DA694}"
EndProject
Global
	GlobalSection(SolutionConfigurationPlatforms) = preSolution
		Debug|Any CPU = Debug|Any CPU
		Release|Any CPU = Release|Any CPU
	EndGlobalSection
	GlobalSection(ProjectConfigurationPlatforms) = postSolution
		{FF9FBAA2-3000-481D-A162-F377C77DA694}.Debug|Any CPU.ActiveCfg = Debug|Any CPU
		{FF9FBAA2-3000-481D-A162-F377C77DA694}.Debug|Any CPU.Build.0 = Debug|Any CPU
		{FF9FBAA2-3000-481D-A162-F377C77DA694}.Release|Any CPU.ActiveCfg = Release|Any CPU
		{FF9FBAA2-3000-481D-A162-F377C77DA694}.Release|Any CPU.Build.0 = Release|Any CPU
	EndGlobalSection
	GlobalSection(SolutionProperties) = preSolution
		HideSolutionNode = FALSE
	EndGlobalSection
	GlobalSection(ExtensibilityGlobals) = postSolution
		SolutionGuid = {8C028D6D-98B9-4CD3-BDB1-BB6D2FB85BE3}
	EndGlobalSection
EndGlobal
